
Microsoft Visual Studio Solution File, Format Version 12.00
# Visual Studio Version 17
VisualStudioVersion = 17.5.33414.496
MinimumVisualStudioVersion = 10.0.40219.1
Project("{8BC9CEB8-8B4A-11D0-8D11-00A0C91BC942}") = "Client", "Source\Client\Client.vcxproj", "{A74A2AFA-AC10-49B7-84EB-4F4A3BA6DD57}"
	ProjectSection(ProjectDependencies) = postProject
		{372BCF62-B478-4A34-BA01-64BB9847EFD3} = {372BCF62-B478-4A34-BA01-64BB9847EFD3}
		{7199A4E4-AAFD-4E09-B6DB-65F0250A563E} = {7199A4E4-AAFD-4E09-B6DB-65F0250A563E}
	EndProjectSection
EndProject
Project("{8BC9CEB8-8B4A-11D0-8D11-00A0C91BC942}") = "Engine", "Source\Engine\Engine.vcxproj", "{7199A4E4-AAFD-4E09-B6DB-65F0250A563E}"
EndProject
Project("{8BC9CEB8-8B4A-11D0-8D11-00A0C91BC942}") = "Game", "Source\Game\Game.vcxproj", "{372BCF62-B478-4A34-BA01-64BB9847EFD3}"
	ProjectSection(ProjectDependencies) = postProject
		{7199A4E4-AAFD-4E09-B6DB-65F0250A563E} = {7199A4E4-AAFD-4E09-B6DB-65F0250A563E}
	EndProjectSection
EndProject
Project("{2150E333-8FDC-42A3-9474-1A3956D46DE8}") = "incoding", "incoding", "{446A1BD0-F6C5-4904-BA31-EBEFA658855D}"
	ProjectSection(SolutionItems) = preProject
		.editorconfig = .editorconfig
	EndProjectSection
EndProject
Global
	GlobalSection(SolutionConfigurationPlatforms) = preSolution
		Debug|x64 = Debug|x64
		Debug|x86 = Debug|x86
		Release|x64 = Release|x64
		Release|x86 = Release|x86
	EndGlobalSection
	GlobalSection(ProjectConfigurationPlatforms) = postSolution
		{A74A2AFA-AC10-49B7-84EB-4F4A3BA6DD57}.Debug|x64.ActiveCfg = Debug|x64
		{A74A2AFA-AC10-49B7-84EB-4F4A3BA6DD57}.Debug|x64.Build.0 = Debug|x64
		{A74A2AFA-AC10-49B7-84EB-4F4A3BA6DD57}.Debug|x86.ActiveCfg = Debug|Win32
		{A74A2AFA-AC10-49B7-84EB-4F4A3BA6DD57}.Debug|x86.Build.0 = Debug|Win32
		{A74A2AFA-AC10-49B7-84EB-4F4A3BA6DD57}.Release|x64.ActiveCfg = Release|x64
		{A74A2AFA-AC10-49B7-84EB-4F4A3BA6DD57}.Release|x64.Build.0 = Release|x64
		{A74A2AFA-AC10-49B7-84EB-4F4A3BA6DD57}.Release|x86.ActiveCfg = Release|Win32
		{A74A2AFA-AC10-49B7-84EB-4F4A3BA6DD57}.Release|x86.Build.0 = Release|Win32
		{7199A4E4-AAFD-4E09-B6DB-65F0250A563E}.Debug|x64.ActiveCfg = Debug|x64
		{7199A4E4-AAFD-4E09-B6DB-65F0250A563E}.Debug|x64.Build.0 = Debug|x64
		{7199A4E4-AAFD-4E09-B6DB-65F0250A563E}.Debug|x86.ActiveCfg = Debug|Win32
		{7199A4E4-AAFD-4E09-B6DB-65F0250A563E}.Debug|x86.Build.0 = Debug|Win32
		{7199A4E4-AAFD-4E09-B6DB-65F0250A563E}.Release|x64.ActiveCfg = Release|x64
		{7199A4E4-AAFD-4E09-B6DB-65F0250A563E}.Release|x64.Build.0 = Release|x64
		{7199A4E4-AAFD-4E09-B6DB-65F0250A563E}.Release|x86.ActiveCfg = Release|Win32
		{7199A4E4-AAFD-4E09-B6DB-65F0250A563E}.Release|x86.Build.0 = Release|Win32
		{372BCF62-B478-4A34-BA01-64BB9847EFD3}.Debug|x64.ActiveCfg = Debug|x64
		{372BCF62-B478-4A34-BA01-64BB9847EFD3}.Debug|x64.Build.0 = Debug|x64
		{372BCF62-B478-4A34-BA01-64BB9847EFD3}.Debug|x86.ActiveCfg = Debug|Win32
		{372BCF62-B478-4A34-BA01-64BB9847EFD3}.Debug|x86.Build.0 = Debug|Win32
		{372BCF62-B478-4A34-BA01-64BB9847EFD3}.Release|x64.ActiveCfg = Release|x64
		{372BCF62-B478-4A34-BA01-64BB9847EFD3}.Release|x64.Build.0 = Release|x64
		{372BCF62-B478-4A34-BA01-64BB9847EFD3}.Release|x86.ActiveCfg = Release|Win32
		{372BCF62-B478-4A34-BA01-64BB9847EFD3}.Release|x86.Build.0 = Release|Win32
	EndGlobalSection
	GlobalSection(SolutionProperties) = preSolution
		HideSolutionNode = FALSE
	EndGlobalSection
	GlobalSection(ExtensibilityGlobals) = postSolution
		SolutionGuid = {72DC9F91-ADD9-4A2A-9A01-CDFEFB8BFCFA}
	EndGlobalSection
EndGlobal
