<?xml version="1.0" encoding="utf-8"?>
<Project ToolsVersion="4.0" xmlns="http://schemas.microsoft.com/developer/msbuild/2003">
  <ItemGroup>
    <ClCompile Include="main.cpp" />
    <ClCompile Include="pch.cpp">
      <Filter>00. Default</Filter>
    </ClCompile>
    <ClCompile Include="Gameplay\Character\Private\CameraController.cpp">
      <Filter>02. Gameplay</Filter>
    </ClCompile>
    <ClCompile Include="Gameplay\Projectile\Private\MissileProjectile.cpp">
      <Filter>02. Gameplay</Filter>
    </ClCompile>
    <ClCompile Include="System\Private\GameplayManager.cpp">
      <Filter>01. ScriptMgr</Filter>
    </ClCompile>
    <ClCompile Include="Level\Private\TestLevel.cpp">
      <Filter>03. Level</Filter>
    </ClCompile>
    <ClCompile Include="Gameplay\Character\Private\PlayerCharacter.cpp">
      <Filter>02. Gameplay\Player</Filter>
    </ClCompile>
    <ClCompile Include="Gameplay\Character\Private\PlayerCharacter_Move.cpp">
      <Filter>02. Gameplay\Player</Filter>
    </ClCompile>
    <ClCompile Include="Gameplay\TestSound.cpp">
      <Filter>02. Gameplay\TestSound</Filter>
    </ClCompile>
    <ClCompile Include="Gameplay\Weapon\Private\WeaponController.cpp">
      <Filter>02. Gameplay\Weapon</Filter>
    </ClCompile>
    <ClCompile Include="Gameplay\Weapon\Private\GunController.cpp">
      <Filter>02. Gameplay\Weapon</Filter>
    </ClCompile>
    <ClCompile Include="Gameplay\Weapon\Private\ThrowableController.cpp">
      <Filter>02. Gameplay\Weapon</Filter>
    </ClCompile>
    <ClCompile Include="Gameplay\Inventory\Private\InventoryController.cpp">
      <Filter>02. Gameplay\Inventory</Filter>
    </ClCompile>
    <ClCompile Include="Gameplay\Inventory\Private\Item.cpp">
      <Filter>02. Gameplay\Inventory</Filter>
    </ClCompile>
  </ItemGroup>
  <ItemGroup>
    <ClInclude Include="pch.h">
      <Filter>00. Default</Filter>
    </ClInclude>
    <ClInclude Include="framework.h">
      <Filter>00. Default</Filter>
    </ClInclude>
    <ClInclude Include="Gameplay\Character\Public\CameraController.h">
      <Filter>02. Gameplay</Filter>
    </ClInclude>
    <ClInclude Include="Gameplay\Projectile\Public\MissileProjectile.h">
      <Filter>02. Gameplay</Filter>
    </ClInclude>
    <ClInclude Include="System\Public\GameplayManager.h">
      <Filter>01. ScriptMgr</Filter>
    </ClInclude>
    <ClInclude Include="Level\Public\TestLevel.h">
      <Filter>03. Level</Filter>
    </ClInclude>
    <ClInclude Include="Gameplay\Component\Private\WeaponComponent.cpp">
      <Filter>02. Gameplay</Filter>
    </ClInclude>
    <ClInclude Include="Gameplay\Component\Public\WeaponComponent.h">
      <Filter>02. Gameplay</Filter>
    </ClInclude>
    <ClInclude Include="Gameplay\Character\Public\PlayerCharacter.h">
      <Filter>02. Gameplay\Player</Filter>
    </ClInclude>
    <ClInclude Include="Gameplay\TestSound.h">
      <Filter>02. Gameplay\TestSound</Filter>
    </ClInclude>
    <ClInclude Include="Gameplay\Weapon\Public\WeaponController.h">
      <Filter>02. Gameplay\Weapon</Filter>
    </ClInclude>
    <ClInclude Include="Gameplay\Weapon\Public\GunController.h">
      <Filter>02. Gameplay\Weapon</Filter>
    </ClInclude>
    <ClInclude Include="Gameplay\Weapon\Public\ThrowableController.h">
      <Filter>02. Gameplay\Weapon</Filter>
    </ClInclude>
    <ClInclude Include="Gameplay\Inventory\Public\InventoryController.h">
      <Filter>02. Gameplay\Inventory</Filter>
    </ClInclude>
    <ClInclude Include="Gameplay\Inventory\Public\Item.h">
      <Filter>02. Gameplay\Inventory</Filter>
    </ClInclude>
  </ItemGroup>
  <ItemGroup>
    <Filter Include="01. ScriptMgr">
      <UniqueIdentifier>{cb1ebf2f-0ef3-48bc-a4a4-547fcb60ae18}</UniqueIdentifier>
    </Filter>
    <Filter Include="02. Gameplay">
      <UniqueIdentifier>{a81a1135-ee08-41c5-8a8a-639f32289758}</UniqueIdentifier>
    </Filter>
    <Filter Include="03. Level">
      <UniqueIdentifier>{e352953c-8369-4ddb-9626-7d35722c258c}</UniqueIdentifier>
    </Filter>
    <Filter Include="00. Default">
      <UniqueIdentifier>{7e1996a7-852a-4f0d-afa4-26b347507d7b}</UniqueIdentifier>
    </Filter>
    <Filter Include="02. Gameplay\Player">
      <UniqueIdentifier>{3276a02d-6c5f-44f0-a504-20d582379ec2}</UniqueIdentifier>
    </Filter>
    <Filter Include="02. Gameplay\TestSound">
      <UniqueIdentifier>{f2116a6a-18be-4136-b635-7127d23ff14c}</UniqueIdentifier>
    </Filter>
    <Filter Include="02. Gameplay\Weapon">
      <UniqueIdentifier>{24897eee-c89e-4d69-ad7e-dbde0720867a}</UniqueIdentifier>
    </Filter>
    <Filter Include="02. Gameplay\Inventory">
      <UniqueIdentifier>{3716e2ae-e442-4059-ac24-b50b998ac625}</UniqueIdentifier>
    </Filter>
  </ItemGroup>
</Project>