<?xml version="1.0" encoding="utf-8"?>
<Project ToolsVersion="4.0" xmlns="http://schemas.microsoft.com/developer/msbuild/2003">
  <ItemGroup>
    <ClCompile Include="pch.cpp">
      <Filter>00. Default</Filter>
    </ClCompile>
    <ClCompile Include="Gameplay\Character\Private\CameraController.cpp">
      <Filter>03. Gameplay</Filter>
    </ClCompile>
    <ClCompile Include="Gameplay\Projectile\Private\MissileProjectile.cpp">
      <Filter>03. Gameplay</Filter>
    </ClCompile>
    <ClCompile Include="Level\Private\TestLevel.cpp">
      <Filter>04. Level</Filter>
    </ClCompile>
    <ClCompile Include="Gameplay\Character\Private\PlayerCharacter.cpp">
      <Filter>03. Gameplay\Player</Filter>
    </ClCompile>
    <ClCompile Include="Gameplay\Character\Private\PlayerCharacter_Move.cpp">
      <Filter>03. Gameplay\Player</Filter>
    </ClCompile>
    <ClCompile Include="Gameplay\TestSound.cpp">
      <Filter>03. Gameplay\TestSound</Filter>
    </ClCompile>
    <ClCompile Include="Gameplay\Weapon\Private\WeaponController.cpp">
      <Filter>03. Gameplay\Weapon</Filter>
    </ClCompile>
    <ClCompile Include="Gameplay\Weapon\Private\GunController.cpp">
      <Filter>03. Gameplay\Weapon</Filter>
    </ClCompile>
    <ClCompile Include="Gameplay\Weapon\Private\ThrowableController.cpp">
      <Filter>03. Gameplay\Weapon</Filter>
    </ClCompile>
    <ClCompile Include="Gameplay\Inventory\Private\InventoryController.cpp">
      <Filter>03. Gameplay\Inventory</Filter>
    </ClCompile>
    <ClCompile Include="Gameplay\Inventory\Private\Item.cpp">
      <Filter>03. Gameplay\Inventory</Filter>
    </ClCompile>
    <ClCompile Include="Gameplay\Inventory\Private\ItemMgr.cpp">
      <Filter>03. Gameplay\Inventory</Filter>
    </ClCompile>
    <ClCompile Include="Gameplay\Inventory\Private\UI_Inventory.cpp">
      <Filter>03. Gameplay\Inventory</Filter>
    </ClCompile>
    <ClCompile Include="Gameplay\Inventory\Private\UI_Item.cpp">
      <Filter>03. Gameplay\Inventory</Filter>
    </ClCompile>
    <ClCompile Include="Gameplay\Inventory\Private\UI_Vicinity.cpp">
      <Filter>03. Gameplay\Inventory</Filter>
    </ClCompile>
    <ClCompile Include="Gameplay\Character\Private\EnemyController.cpp">
      <Filter>03. Gameplay\Enemy</Filter>
    </ClCompile>
    <ClCompile Include="Gameplay\Character\Private\InteractionHandler.cpp">
      <Filter>03. Gameplay\Interaction</Filter>
    </ClCompile>
    <ClCompile Include="Gameplay\Interaction\Private\InteractableScript.cpp">
      <Filter>03. Gameplay\Interaction</Filter>
    </ClCompile>
    <ClCompile Include="Gameplay\Door\Private\DoorScript.cpp">
      <Filter>03. Gameplay\Door</Filter>
    </ClCompile>
    <ClCompile Include="Gameplay\Particle\Private\ParticleController.cpp">
      <Filter>03. Gameplay</Filter>
    </ClCompile>
    <ClCompile Include="Gameplay\Weapon\Private\BombController.cpp">
      <Filter>03. Gameplay\Weapon</Filter>
    </ClCompile>
    <ClCompile Include="Gameplay\UI\Private\RoundsUIScript.cpp">
      <Filter>03. Gameplay\UI</Filter>
    </ClCompile>
    <ClCompile Include="Gameplay\UI\Private\KillinfoUIScript.cpp">
      <Filter>03. Gameplay\UI</Filter>
    </ClCompile>
    <ClCompile Include="Gameplay\Character\Private\TestCharacter.cpp">
      <Filter>03. Gameplay\Enemy</Filter>
    </ClCompile>
    <ClCompile Include="Factory\Private\GameFactory.cpp" />
    <ClCompile Include="Gameplay\UI\Private\MinimapCameraScript.cpp">
      <Filter>03. Gameplay\UI</Filter>
    </ClCompile>
    <ClCompile Include="Gameplay\UI\Private\MinimapUIScript.cpp">
      <Filter>03. Gameplay\UI</Filter>
    </ClCompile>
    <ClCompile Include="Gameplay\Character\Private\CameraEffect.cpp">
      <Filter>03. Gameplay</Filter>
    </ClCompile>
    <ClCompile Include="Gameplay\State\Private\Player_Heal.cpp">
      <Filter>03. Gameplay\State\Heal</Filter>
    </ClCompile>
    <ClCompile Include="Gameplay\State\Private\Player_Dead.cpp">
      <Filter>03. Gameplay\State\Base</Filter>
    </ClCompile>
    <ClCompile Include="Gameplay\State\Private\Player_Grenade_Throw_High.cpp">
      <Filter>03. Gameplay\State\Grenade</Filter>
    </ClCompile>
    <ClCompile Include="Gameplay\State\Private\Player_Grenade_Throw_Low.cpp">
      <Filter>03. Gameplay\State\Grenade</Filter>
    </ClCompile>
    <ClCompile Include="Gameplay\State\Private\Player_Grenade_Prepare.cpp">
      <Filter>03. Gameplay\State\Grenade</Filter>
    </ClCompile>
    <ClCompile Include="Gameplay\State\Private\Player_Gun_Fire.cpp">
      <Filter>03. Gameplay\State\Gun</Filter>
    </ClCompile>
    <ClCompile Include="Gameplay\State\Private\Player_Gun_Reload.cpp">
      <Filter>03. Gameplay\State\Gun</Filter>
    </ClCompile>
    <ClCompile Include="Gameplay\State\Private\Player_Jump.cpp">
      <Filter>03. Gameplay\State\Base</Filter>
    </ClCompile>
    <ClCompile Include="Gameplay\State\Private\Player_Idle.cpp">
      <Filter>03. Gameplay\State\Base</Filter>
    </ClCompile>
    <ClCompile Include="Gameplay\Character\Private\EnemyVisionScript.cpp">
      <Filter>03. Gameplay\Enemy</Filter>
    </ClCompile>
    <ClCompile Include="Gameplay\State\Private\PlayerState.cpp">
      <Filter>03. Gameplay\State</Filter>
    </ClCompile>
    <ClCompile Include="System\Private\CGameMgr.cpp">
      <Filter>01. GameMgr</Filter>
    </ClCompile>
    <ClCompile Include="Gameplay\PauseMenu\Private\PauseUIScript.cpp">
      <Filter>03. Gameplay\PauseMenu</Filter>
    </ClCompile>
    <ClCompile Include="Gameplay\UI\Private\OptionUIScript.cpp">
      <Filter>03. Gameplay\UI</Filter>
    </ClCompile>
    <ClCompile Include="Gameplay\Event\Private\TestFadeInOutReset.cpp">
      <Filter>03. Gameplay\Event\Test</Filter>
    </ClCompile>
    <ClCompile Include="Gameplay\Event\Private\EventScriptBase.cpp">
      <Filter>03. Gameplay\Event</Filter>
    </ClCompile>
    <ClCompile Include="Gameplay\Event\Private\PlayerRevive.cpp">
      <Filter>03. Gameplay\Event\Revive</Filter>
    </ClCompile>
  </ItemGroup>
  <ItemGroup>
    <ClInclude Include="pch.h">
      <Filter>00. Default</Filter>
    </ClInclude>
    <ClInclude Include="framework.h">
      <Filter>00. Default</Filter>
    </ClInclude>
    <ClInclude Include="Gameplay\Character\Public\CameraController.h">
      <Filter>03. Gameplay</Filter>
    </ClInclude>
    <ClInclude Include="Gameplay\Projectile\Public\MissileProjectile.h">
      <Filter>03. Gameplay</Filter>
    </ClInclude>
    <ClInclude Include="Level\Public\TestLevel.h">
      <Filter>04. Level</Filter>
    </ClInclude>
    <ClInclude Include="Gameplay\Character\Public\PlayerCharacter.h">
      <Filter>03. Gameplay\Player</Filter>
    </ClInclude>
    <ClInclude Include="Gameplay\TestSound.h">
      <Filter>03. Gameplay\TestSound</Filter>
    </ClInclude>
    <ClInclude Include="Gameplay\Weapon\Public\WeaponController.h">
      <Filter>03. Gameplay\Weapon</Filter>
    </ClInclude>
    <ClInclude Include="Gameplay\Weapon\Public\GunController.h">
      <Filter>03. Gameplay\Weapon</Filter>
    </ClInclude>
    <ClInclude Include="Gameplay\Weapon\Public\ThrowableController.h">
      <Filter>03. Gameplay\Weapon</Filter>
    </ClInclude>
    <ClInclude Include="Gameplay\Inventory\Public\InventoryController.h">
      <Filter>03. Gameplay\Inventory</Filter>
    </ClInclude>
    <ClInclude Include="Gameplay\Inventory\Public\Item.h">
      <Filter>03. Gameplay\Inventory</Filter>
    </ClInclude>
    <ClInclude Include="Gameplay\Inventory\Public\ItemMgr.h">
      <Filter>03. Gameplay\Inventory</Filter>
    </ClInclude>
    <ClInclude Include="Gameplay\Inventory\Public\UI_Inventory.h">
      <Filter>03. Gameplay\Inventory</Filter>
    </ClInclude>
    <ClInclude Include="Gameplay\Inventory\Public\UI_Item.h">
      <Filter>03. Gameplay\Inventory</Filter>
    </ClInclude>
    <ClInclude Include="Gameplay\Inventory\Public\UI_Vicinity.h">
      <Filter>03. Gameplay\Inventory</Filter>
    </ClInclude>
    <ClInclude Include="Gameplay\Character\Public\EnemyController.h">
      <Filter>03. Gameplay\Enemy</Filter>
    </ClInclude>
    <ClInclude Include="Gameplay\Character\Public\TestCharacter.h">
      <Filter>03. Gameplay\Enemy</Filter>
    </ClInclude>
    <ClInclude Include="Gameplay\Character\Public\EnemyVisionScript.h">
      <Filter>03. Gameplay\Enemy</Filter>
    </ClInclude>
    <ClInclude Include="Gameplay\Character\Public\InteractionHandler.h">
      <Filter>03. Gameplay\Interaction</Filter>
    </ClInclude>
    <ClInclude Include="Gameplay\Interaction\Public\InteractableScript.h">
      <Filter>03. Gameplay\Interaction</Filter>
    </ClInclude>
    <ClInclude Include="Gameplay\Door\Public\DoorScript.h">
      <Filter>03. Gameplay\Door</Filter>
    </ClInclude>
    <ClInclude Include="Gameplay\Particle\Public\ParticleController.h">
      <Filter>03. Gameplay</Filter>
    </ClInclude>
    <ClInclude Include="Gameplay\Weapon\Public\BombController.h">
      <Filter>03. Gameplay\Weapon</Filter>
    </ClInclude>
    <ClInclude Include="Gameplay\UI\Public\RoundsUIScript.h">
      <Filter>03. Gameplay\UI</Filter>
    </ClInclude>
    <ClInclude Include="Gameplay\UI\Public\KillinfoUIScript.h">
      <Filter>03. Gameplay\UI</Filter>
    </ClInclude>
    <ClInclude Include="Factory\Public\GameFactory.h" />
    <ClInclude Include="Gameplay\UI\Public\MinimapCameraScript.h">
      <Filter>03. Gameplay\UI</Filter>
    </ClInclude>
    <ClInclude Include="Gameplay\UI\Public\MinimapUIScript.h">
      <Filter>03. Gameplay\UI</Filter>
    </ClInclude>
    <ClInclude Include="Gameplay\Character\Public\CameraEffect.h">
      <Filter>03. Gameplay</Filter>
    </ClInclude>
    <ClInclude Include="Gameplay\State\Public\Player_Heal.h">
      <Filter>03. Gameplay\State\Heal</Filter>
    </ClInclude>
    <ClInclude Include="Gameplay\State\Public\Player_Dead.h">
      <Filter>03. Gameplay\State\Base</Filter>
    </ClInclude>
    <ClInclude Include="Gameplay\State\Public\Player_Grenade_Throw_High.h">
      <Filter>03. Gameplay\State\Grenade</Filter>
    </ClInclude>
    <ClInclude Include="Gameplay\State\Public\Player_Grenade_Throw_Low.h">
      <Filter>03. Gameplay\State\Grenade</Filter>
    </ClInclude>
    <ClInclude Include="Gameplay\State\Public\Player_Grenade_Prepare.h">
      <Filter>03. Gameplay\State\Grenade</Filter>
    </ClInclude>
    <ClInclude Include="Gameplay\State\Public\Player_Gun_Fire.h">
      <Filter>03. Gameplay\State\Gun</Filter>
    </ClInclude>
    <ClInclude Include="Gameplay\State\Public\Player_Gun_Reload.h">
      <Filter>03. Gameplay\State\Gun</Filter>
    </ClInclude>
    <ClInclude Include="Gameplay\State\Public\Player_Jump.h">
      <Filter>03. Gameplay\State\Base</Filter>
    </ClInclude>
    <ClInclude Include="Gameplay\State\Public\Player_Idle.h">
      <Filter>03. Gameplay\State\Base</Filter>
    </ClInclude>
    <ClInclude Include="Gameplay\State\Public\PlayerState.h">
      <Filter>03. Gameplay\State</Filter>
    </ClInclude>
    <ClInclude Include="System\Public\CGameMgr.h">
      <Filter>01. GameMgr</Filter>
    </ClInclude>
    <ClInclude Include="Gameplay\scripts.h">
      <Filter>01. GameMgr</Filter>
    </ClInclude>
    <ClInclude Include="Gameplay\states.h">
      <Filter>01. GameMgr</Filter>
    </ClInclude>
    <ClInclude Include="Gameplay\PauseMenu\Public\PauseUIScript.h">
      <Filter>03. Gameplay\PauseMenu</Filter>
    </ClInclude>
    <ClInclude Include="Gameplay\UI\Public\OptionUIScript.h">
      <Filter>03. Gameplay\UI</Filter>
    </ClInclude>
    <ClInclude Include="Gameplay\Event\Public\TestFadeInOutReset.h">
      <Filter>03. Gameplay\Event\Test</Filter>
    </ClInclude>
    <ClInclude Include="Gameplay\Event\Public\EventScriptBase.h">
      <Filter>03. Gameplay\Event</Filter>
    </ClInclude>
    <ClInclude Include="Gameplay\Event\Public\PlayerRevive.h">
      <Filter>03. Gameplay\Event\Revive</Filter>
    </ClInclude>
  </ItemGroup>
  <ItemGroup>
    <Filter Include="00. Default">
      <UniqueIdentifier>{7e1996a7-852a-4f0d-afa4-26b347507d7b}</UniqueIdentifier>
    </Filter>
    <Filter Include="03. Gameplay">
      <UniqueIdentifier>{a81a1135-ee08-41c5-8a8a-639f32289758}</UniqueIdentifier>
    </Filter>
    <Filter Include="03. Gameplay\Player">
      <UniqueIdentifier>{3276a02d-6c5f-44f0-a504-20d582379ec2}</UniqueIdentifier>
    </Filter>
    <Filter Include="03. Gameplay\TestSound">
      <UniqueIdentifier>{f2116a6a-18be-4136-b635-7127d23ff14c}</UniqueIdentifier>
    </Filter>
    <Filter Include="03. Gameplay\Weapon">
      <UniqueIdentifier>{24897eee-c89e-4d69-ad7e-dbde0720867a}</UniqueIdentifier>
    </Filter>
    <Filter Include="03. Gameplay\Inventory">
      <UniqueIdentifier>{3716e2ae-e442-4059-ac24-b50b998ac625}</UniqueIdentifier>
    </Filter>
    <Filter Include="03. Gameplay\Enemy">
      <UniqueIdentifier>{a90a6d6d-ebe1-4d56-b6a3-d46fd0cb6d45}</UniqueIdentifier>
    </Filter>
    <Filter Include="03. Gameplay\Interaction">
      <UniqueIdentifier>{43f6eb8d-d71a-43bc-bc19-573252bcf836}</UniqueIdentifier>
    </Filter>
    <Filter Include="03. Gameplay\Door">
      <UniqueIdentifier>{2328b0b2-80ab-4896-80ff-ebf73cf1b4d5}</UniqueIdentifier>
    </Filter>
    <Filter Include="03. Gameplay\UI">
      <UniqueIdentifier>{81977f8a-4778-49e0-a186-a81c40a67a6e}</UniqueIdentifier>
    </Filter>
    <Filter Include="03. Gameplay\State">
      <UniqueIdentifier>{b3ba6d7b-729e-48b1-8879-69cacb722452}</UniqueIdentifier>
    </Filter>
    <Filter Include="03. Gameplay\State\Gun">
      <UniqueIdentifier>{b0381950-9bb4-48be-a3b3-97016b87a3f0}</UniqueIdentifier>
    </Filter>
    <Filter Include="03. Gameplay\State\Grenade">
      <UniqueIdentifier>{c15f611b-4055-463a-9d98-27bfd326f3af}</UniqueIdentifier>
    </Filter>
    <Filter Include="03. Gameplay\State\Heal">
      <UniqueIdentifier>{f15a9ea6-a104-4b27-b88d-597e58c0ac2e}</UniqueIdentifier>
    </Filter>
    <Filter Include="03. Gameplay\State\Base">
      <UniqueIdentifier>{cf89fb55-f353-4027-b522-e717f2d503f4}</UniqueIdentifier>
    </Filter>
    <Filter Include="04. Level">
      <UniqueIdentifier>{e352953c-8369-4ddb-9626-7d35722c258c}</UniqueIdentifier>
    </Filter>
    <Filter Include="01. GameMgr">
      <UniqueIdentifier>{bde1f4b8-70be-4f80-982a-aab63718c370}</UniqueIdentifier>
    </Filter>
    <Filter Include="03. Gameplay\Event">
      <UniqueIdentifier>{4c81873f-f066-4bcf-9ac1-68c92e7706a5}</UniqueIdentifier>
    </Filter>
    <Filter Include="03. Gameplay\Event\Test">
      <UniqueIdentifier>{72be63e3-16fc-42b6-963c-9e024b13da98}</UniqueIdentifier>
    </Filter>
    <Filter Include="03. Gameplay\PauseMenu">
      <UniqueIdentifier>{2ab72e8d-03e0-47af-b3fb-dddfaf9ec695}</UniqueIdentifier>
    </Filter>
    <Filter Include="03. Gameplay\Event\Revive">
      <UniqueIdentifier>{b23349af-e9d4-4965-b123-7ecaf1746d58}</UniqueIdentifier>
    </Filter>
  </ItemGroup>
</Project>